
Microsoft Visual Studio Solution File, Format Version 12.00
# Visual Studio Version 17
VisualStudioVersion = 17.2.32630.192
MinimumVisualStudioVersion = 10.0.40219.1
Project("{FAE04EC0-301F-11D3-BF4B-00C04F79EFBC}") = "ClassLibrary1", "ClassLibrary1\ClassLibrary1.csproj", "{5F79B834-EEA7-480F-A497-88D0665D18AB}"
EndProject
Global
	GlobalSection(SolutionConfigurationPlatforms) = preSolution
		Debug|Any CPU = Debug|Any CPU
		Release|Any CPU = Release|Any CPU
	EndGlobalSection
	GlobalSection(ProjectConfigurationPlatforms) = postSolution
		{5F79B834-EEA7-480F-A497-88D0665D18AB}.Debug|Any CPU.ActiveCfg = Debug|Any CPU
		{5F79B834-EEA7-480F-A497-88D0665D18AB}.Debug|Any CPU.Build.0 = Debug|Any CPU
		{5F79B834-EEA7-480F-A497-88D0665D18AB}.Release|Any CPU.ActiveCfg = Release|Any CPU
		{5F79B834-EEA7-480F-A497-88D0665D18AB}.Release|Any CPU.Build.0 = Release|Any CPU
	EndGlobalSection
	GlobalSection(SolutionProperties) = preSolution
		HideSolutionNode = FALSE
	EndGlobalSection
	GlobalSection(ExtensibilityGlobals) = postSolution
		SolutionGuid = {79F8767B-108F-40B6-B3D7-A1CE755A055E}
	EndGlobalSection
EndGlobal
